
Microsoft Visual Studio Solution File, Format Version 12.00
# Visual Studio 16
Project("{FAE04EC0-301F-11D3-BF4B-00C04F79EFBC}") = "Tests", "Tests.csproj", "{231F4280-9D9A-DE7D-C903-A729EA6BA259}"
EndProject
Project("{FAE04EC0-301F-11D3-BF4B-00C04F79EFBC}") = "AssemblyDefinition", "AssemblyDefinition.csproj", "{D9B83FB6-5CF6-1DF2-124D-47B67745BA3D}"
EndProject
Global
	GlobalSection(SolutionConfigurationPlatforms) = preSolution
		Debug|Any CPU = Debug|Any CPU
		Release|Any CPU = Release|Any CPU
	EndGlobalSection
	GlobalSection(ProjectConfigurationPlatforms) = postSolution
		{231F4280-9D9A-DE7D-C903-A729EA6BA259}.Debug|Any CPU.ActiveCfg = Debug|Any CPU
		{231F4280-9D9A-DE7D-C903-A729EA6BA259}.Debug|Any CPU.Build.0 = Debug|Any CPU
		{231F4280-9D9A-DE7D-C903-A729EA6BA259}.Release|Any CPU.ActiveCfg = Release|Any CPU
		{231F4280-9D9A-DE7D-C903-A729EA6BA259}.Release|Any CPU.Build.0 = Release|Any CPU
		{D9B83FB6-5CF6-1DF2-124D-47B67745BA3D}.Debug|Any CPU.ActiveCfg = Debug|Any CPU
		{D9B83FB6-5CF6-1DF2-124D-47B67745BA3D}.Debug|Any CPU.Build.0 = Debug|Any CPU
		{D9B83FB6-5CF6-1DF2-124D-47B67745BA3D}.Release|Any CPU.ActiveCfg = Release|Any CPU
		{D9B83FB6-5CF6-1DF2-124D-47B67745BA3D}.Release|Any CPU.Build.0 = Release|Any CPU
	EndGlobalSection
	GlobalSection(SolutionProperties) = preSolution
		HideSolutionNode = FALSE
	EndGlobalSection
	GlobalSection(MonoDevelopProperties) = preSolution
		StartupItem = Assembly-CSharp.csproj
	EndGlobalSection
EndGlobal
